PODS:
  - KZImageComparisonView (0.1.0)

DEPENDENCIES:
  - KZImageComparisonView (from `../`)

EXTERNAL SOURCES:
  KZImageComparisonView:
    :path: ../

SPEC CHECKSUMS:
  KZImageComparisonView: 41413e2c10928827701647b9aea71e328ecabbae

PODFILE CHECKSUM: 9dbeecb6521e2eaf0cac58de153470f192707538

COCOAPODS: 1.3.0.beta.2
